{
  "lockfileVersion": 2,
  "configVersion": 1,
  "workspaces": {
    "": {
      "name": "@hive/snapcompact-adapter",
      "dependencies": {
        "@oh-my-pi/pi-ai": "18.2.6",
        "@oh-my-pi/snapcompact": "18.2.6",
      },
    },
  },
  "packages": {
    "@oh-my-pi/omptype": ["@oh-my-pi/omptype@18.2.6", "", {}, "sha512-4VUGOSr791W1lXNpU1hQXrKd4BqaEQlz2OHXYecZ6MTENb6Hx9JC00Sf7Db4dxPjkEzyibD1YjVUXqK3DQeO+g=="],

    "@oh-my-pi/pi-ai": ["@oh-my-pi/pi-ai@18.2.6", "", { "dependencies": { "@oh-my-pi/omptype": "18.2.6", "@oh-my-pi/pi-catalog": "18.2.6", "@oh-my-pi/pi-natives": "18.2.6", "@oh-my-pi/pi-utils": "18.2.6", "@oh-my-pi/pi-wire": "18.2.6" } }, "sha512-SkQ5Uc5ABS5WiKPVdPAmxawhZf1kDSH53CrXrjlgshpCT6r6jDs/CI+VvwdhQHoEQcokM8pmWDGPzGfKTa7K4w=="],

    "@oh-my-pi/pi-catalog": ["@oh-my-pi/pi-catalog@18.2.6", "", { "dependencies": { "@oh-my-pi/omptype": "18.2.6", "@oh-my-pi/pi-utils": "18.2.6" } }, "sha512-jYg/cqztVXPWa3soLvjGxKs/4oIm8vDwuvue0tfPv/qiEWzxPy+PsI+9zbKZZEipfVlQUAyD+8LnkQdGlbqIDg=="],

    "@oh-my-pi/pi-natives": ["@oh-my-pi/pi-natives@18.2.6", "", { "optionalDependencies": { "@oh-my-pi/pi-natives-darwin-arm64": "18.2.6", "@oh-my-pi/pi-natives-darwin-x64": "18.2.6", "@oh-my-pi/pi-natives-linux-arm64": "18.2.6", "@oh-my-pi/pi-natives-linux-x64": "18.2.6", "@oh-my-pi/pi-natives-win32-arm64": "18.2.6", "@oh-my-pi/pi-natives-win32-x64": "18.2.6" } }, "sha512-oZtxz7cU6CJvwdGJgpeHDIvhKOBoGVwRzmb7RQt+NdFD7tVe7PrObgbQdAOpmo3LwbJ3Md/jiicWmaxboFSRTQ=="],

    "@oh-my-pi/pi-natives-darwin-arm64": ["@oh-my-pi/pi-natives-darwin-arm64@18.2.6", "", { "os": "darwin", "cpu": "arm64" }, "sha512-PVrTHpeVc8n3kOCNUd5Qq5bUyo1y8BtFRcm1UKL8LGF8OzHOrob280iz6K0LIiv8ovbfSjZSvCjYI/KSaM3YMQ=="],

    "@oh-my-pi/pi-natives-darwin-x64": ["@oh-my-pi/pi-natives-darwin-x64@18.2.6", "", { "os": "darwin", "cpu": "x64" }, "sha512-qfZeZ0Xz9aONtp6x7eiWUQMlm2blEqauth2SntLplV9cdYTKailWHjpGBoyvfs/yptddA9Pbj6iN9GlzmpbgOQ=="],

    "@oh-my-pi/pi-natives-linux-arm64": ["@oh-my-pi/pi-natives-linux-arm64@18.2.6", "", { "os": "linux", "cpu": "arm64" }, "sha512-hHdJnF0pw3GlgTpscPCeRT9fcf/yXbrwcvdFgVg482y6xDq8KBT5rzG+V/ntUbcjj/qfBQQiH1do2XlrbL6nFw=="],

    "@oh-my-pi/pi-natives-linux-x64": ["@oh-my-pi/pi-natives-linux-x64@18.2.6", "", { "os": "linux", "cpu": "x64" }, "sha512-mV2DTOE1Hn96iXNIbrzYHzLy9CbeAbjLCGPtc5tzFzzuD7UJ3TMfP4pieSo0WtgZnPNxisT6ncR8c/BqNbkXdg=="],

    "@oh-my-pi/pi-natives-win32-arm64": ["@oh-my-pi/pi-natives-win32-arm64@18.2.6", "", { "os": "win32", "cpu": "arm64" }, "sha512-nk1ZUvF27HZJNwL8TwUMLUdmFuf8vsv1StAMsHQ9zdgLuRJ1NwWESol6wXzRntvDzsmpDQbnf3R8HcY5CzUf9w=="],

    "@oh-my-pi/pi-natives-win32-x64": ["@oh-my-pi/pi-natives-win32-x64@18.2.6", "", { "os": "win32", "cpu": "x64" }, "sha512-syDZJnTiTxFIkTteT4U5edq/hdPrPjOYmyG8Kq4a/LwHoD59eDpkE3+kqVy33GRfOwzJb0b6d6Hxrp8we75b9g=="],

    "@oh-my-pi/pi-utils": ["@oh-my-pi/pi-utils@18.2.6", "", { "dependencies": { "@oh-my-pi/pi-natives": "18.2.6" } }, "sha512-jvj8w/Q9aECXpHVjUc4rWaQlFPV+uWCgII6QZjDfroo5xvt0d8ks64cH8gINmMwRieCLz7KU6JKGReuFT54aTw=="],

    "@oh-my-pi/pi-wire": ["@oh-my-pi/pi-wire@18.2.6", "", {}, "sha512-CfKosiyS2L3EfqVAidDYjfpBEVRuHAueYIlydEySARSLj61euYSqCZFMNhCPcA+QFXhfG0J0N5xGRuMk5FzRaA=="],

    "@oh-my-pi/snapcompact": ["@oh-my-pi/snapcompact@18.2.6", "", { "dependencies": { "@oh-my-pi/pi-ai": "18.2.6", "@oh-my-pi/pi-catalog": "18.2.6", "@oh-my-pi/pi-natives": "18.2.6", "@oh-my-pi/pi-utils": "18.2.6", "@oh-my-pi/pi-wire": "18.2.6" } }, "sha512-hPL6N9YNxejTY1jOm8+FbcbuLjtgPI/v591tunKed7gIcQgOOuztNvTcM/Xbc5xc50CBcWoD6q+j4Hm0iuChlQ=="],
  }
}
